{
  "nodes": {
    "cachix": {
      "locked": {
        "lastModified": 1642244250,
        "narHash": "sha256-vWpUEqQdVP4srj+/YLJRTN9vjpTs4je0cdWKXPbDItc=",
        "owner": "nixos",
        "repo": "nixpkgs",
        "rev": "0fd9ee1aa36ce865ad273f4f07fdc093adeb5c00",
        "type": "github"
      },
      "original": {
        "owner": "nixos",
        "ref": "nixos-21.05",
        "repo": "nixpkgs",
        "type": "github"
      }
    },
    "doom-emacs": {
      "flake": false,
      "locked": {
        "lastModified": 1642165074,
        "narHash": "sha256-Sl8/Pmq+AZ4y1U0/96Ka/BXRroBDoW1VXQKUKEAyuaA=",
        "owner": "hlissner",
        "repo": "doom-emacs",
        "rev": "35865ef5e89442e3809b8095199977053dd4210f",
        "type": "github"
      },
      "original": {
        "owner": "hlissner",
        "ref": "develop",
        "repo": "doom-emacs",
        "type": "github"
      }
    },
    "doom-snippets": {
      "flake": false,
      "locked": {
        "lastModified": 1637750904,
        "narHash": "sha256-zkKmbl9rros3IzMTX01l9eh1Uzg3E+eYgzuj8+VPBwM=",
        "owner": "hlissner",
        "repo": "doom-snippets",
        "rev": "3083b2342f95fa55c1fd3b4a16229c5d867a02b0",
        "type": "github"
      },
      "original": {
        "owner": "hlissner",
        "repo": "doom-snippets",
        "type": "github"
      }
    },
    "dwarffs": {
      "inputs": {
        "nix": "nix",
        "nixpkgs": [
          "dwarffs",
          "nix",
          "nixpkgs"
        ]
      },
      "locked": {
        "lastModified": 1611240086,
        "narHash": "sha256-z8NmKUm7rfcAIkwtO4JZZo2KKDNQmHyExgNFRRzi1kM=",
        "owner": "edolstra",
        "repo": "dwarffs",
        "rev": "f691e2c991e75edb22836f1dbe632c40324215c5",
        "type": "github"
      },
      "original": {
        "owner": "edolstra",
        "repo": "dwarffs",
        "type": "github"
      }
    },
    "emacs-overlay": {
      "locked": {
        "lastModified": 1642617831,
        "narHash": "sha256-0BsR0GzwsB+fBGjHmceJBcBiU8mGTuJnPAdRLnDLinc=",
        "owner": "nix-community",
        "repo": "emacs-overlay",
        "rev": "27e68119c7fd1979c532972d08ed6c3129f0f6da",
        "type": "github"
      },
      "original": {
        "owner": "nix-community",
        "repo": "emacs-overlay",
        "type": "github"
      }
    },
    "emacs-so-long": {
      "flake": false,
      "locked": {
        "lastModified": 1575031854,
        "narHash": "sha256-xIa5zO0ZaToDrec1OFjBK6l39AbA4l/CE4LInVu2hi0=",
        "owner": "hlissner",
        "repo": "emacs-so-long",
        "rev": "ed666b0716f60e8988c455804de24b55919e71ca",
        "type": "github"
      },
      "original": {
        "owner": "hlissner",
        "repo": "emacs-so-long",
        "type": "github"
      }
    },
    "evil-markdown": {
      "flake": false,
      "locked": {
        "lastModified": 1626852210,
        "narHash": "sha256-HBBuZ1VWIn6kwK5CtGIvHM1+9eiNiKPH0GUsyvpUVN8=",
        "owner": "Somelauw",
        "repo": "evil-markdown",
        "rev": "8e6cc68af83914b2fa9fd3a3b8472573dbcef477",
        "type": "github"
      },
      "original": {
        "owner": "Somelauw",
        "repo": "evil-markdown",
        "type": "github"
      }
    },
    "evil-org-mode": {
      "flake": false,
      "locked": {
        "lastModified": 1607203864,
        "narHash": "sha256-JxwqVYDN6OIJEH15MVI6XOZAPtUWUhJQWHyzcrUvrFg=",
        "owner": "hlissner",
        "repo": "evil-org-mode",
        "rev": "a9706da260c45b98601bcd72b1d2c0a24a017700",
        "type": "github"
      },
      "original": {
        "owner": "hlissner",
        "repo": "evil-org-mode",
        "type": "github"
      }
    },
    "evil-quick-diff": {
      "flake": false,
      "locked": {
        "lastModified": 1575189609,
        "narHash": "sha256-oGzl1ayW9rIuq0haoiFS7RZsS8NFMdEA7K1BSozgnJU=",
        "owner": "rgrinberg",
        "repo": "evil-quick-diff",
        "rev": "69c883720b30a892c63bc89f49d4f0e8b8028908",
        "type": "github"
      },
      "original": {
        "owner": "rgrinberg",
        "repo": "evil-quick-diff",
        "type": "github"
      }
    },
    "explain-pause-mode": {
      "flake": false,
      "locked": {
        "lastModified": 1595842060,
        "narHash": "sha256-++znrjiDSx+cy4okFBBXUBkRFdtnE2x+trkmqjB3Njs=",
        "owner": "lastquestion",
        "repo": "explain-pause-mode",
        "rev": "2356c8c3639cbeeb9751744dbe737267849b4b51",
        "type": "github"
      },
      "original": {
        "owner": "lastquestion",
        "repo": "explain-pause-mode",
        "type": "github"
      }
    },
    "flake-compat": {
      "flake": false,
      "locked": {
        "lastModified": 1641205782,
        "narHash": "sha256-4jY7RCWUoZ9cKD8co0/4tFARpWB+57+r1bLLvXNJliY=",
        "owner": "edolstra",
        "repo": "flake-compat",
        "rev": "b7547d3eed6f32d06102ead8991ec52ab0a4f1a7",
        "type": "github"
      },
      "original": {
        "owner": "edolstra",
        "repo": "flake-compat",
        "type": "github"
      }
    },
    "flake-utils": {
      "locked": {
        "lastModified": 1601282935,
        "narHash": "sha256-WQAFV6sGGQxrRs3a+/Yj9xUYvhTpukQJIcMbIi7LCJ4=",
        "owner": "numtide",
        "repo": "flake-utils",
        "rev": "588973065fce51f4763287f0fda87a174d78bf48",
        "type": "github"
      },
      "original": {
        "owner": "numtide",
        "repo": "flake-utils",
        "type": "github"
      }
    },
    "flake-utils_2": {
      "locked": {
        "lastModified": 1638122382,
        "narHash": "sha256-sQzZzAbvKEqN9s0bzWuYmRaA03v40gaJ4+iL1LXjaeI=",
        "owner": "numtide",
        "repo": "flake-utils",
        "rev": "74f7e4319258e287b0f9cb95426c9853b282730b",
        "type": "github"
      },
      "original": {
        "owner": "numtide",
        "repo": "flake-utils",
        "type": "github"
      }
    },
    "flake-utils_3": {
      "locked": {
        "lastModified": 1638122382,
        "narHash": "sha256-sQzZzAbvKEqN9s0bzWuYmRaA03v40gaJ4+iL1LXjaeI=",
        "owner": "numtide",
        "repo": "flake-utils",
        "rev": "74f7e4319258e287b0f9cb95426c9853b282730b",
        "type": "github"
      },
      "original": {
        "owner": "numtide",
        "repo": "flake-utils",
        "type": "github"
      }
    },
    "flake-utils_4": {
      "locked": {
        "lastModified": 1638122382,
        "narHash": "sha256-sQzZzAbvKEqN9s0bzWuYmRaA03v40gaJ4+iL1LXjaeI=",
        "owner": "numtide",
        "repo": "flake-utils",
        "rev": "74f7e4319258e287b0f9cb95426c9853b282730b",
        "type": "github"
      },
      "original": {
        "owner": "numtide",
        "repo": "flake-utils",
        "type": "github"
      }
    },
    "flake-utils_5": {
      "locked": {
        "lastModified": 1601282935,
        "narHash": "sha256-WQAFV6sGGQxrRs3a+/Yj9xUYvhTpukQJIcMbIi7LCJ4=",
        "owner": "numtide",
        "repo": "flake-utils",
        "rev": "588973065fce51f4763287f0fda87a174d78bf48",
        "type": "github"
      },
      "original": {
        "owner": "numtide",
        "repo": "flake-utils",
        "type": "github"
      }
    },
    "flake-utils_6": {
      "locked": {
        "lastModified": 1638122382,
        "narHash": "sha256-sQzZzAbvKEqN9s0bzWuYmRaA03v40gaJ4+iL1LXjaeI=",
        "owner": "numtide",
        "repo": "flake-utils",
        "rev": "74f7e4319258e287b0f9cb95426c9853b282730b",
        "type": "github"
      },
      "original": {
        "owner": "numtide",
        "repo": "flake-utils",
        "type": "github"
      }
    },
    "format-all": {
      "flake": false,
      "locked": {
        "lastModified": 1581716637,
        "narHash": "sha256-ul7LCe60W8TIvUmUtZtZRo8489TK9iTPDsLHmzxY57M=",
        "owner": "lassik",
        "repo": "emacs-format-all-the-code",
        "rev": "47d862d40a088ca089c92cd393c6dca4628f87d3",
        "type": "github"
      },
      "original": {
        "owner": "lassik",
        "repo": "emacs-format-all-the-code",
        "rev": "47d862d40a088ca089c92cd393c6dca4628f87d3",
        "type": "github"
      }
    },
    "home-manager": {
      "inputs": {
        "nixpkgs": [
          "nixpkgs"
        ]
      },
      "locked": {
        "lastModified": 1642463065,
        "narHash": "sha256-Db53xzDOouhsDAQ/QCvLeM0r7p+my5Zb5jgWGpCrOVo=",
        "owner": "nix-community",
        "repo": "home-manager",
        "rev": "c491331718bd41722a2982a5532eb0ff51c3ca28",
        "type": "github"
      },
      "original": {
        "owner": "nix-community",
        "repo": "home-manager",
        "type": "github"
      }
    },
    "lowdown-src": {
      "flake": false,
      "locked": {
        "lastModified": 1598695561,
        "narHash": "sha256-gyH/5j+h/nWw0W8AcR2WKvNBUsiQ7QuxqSJNXAwV+8E=",
        "owner": "kristapsdz",
        "repo": "lowdown",
        "rev": "1705b4a26fbf065d9574dce47a94e8c7c79e052f",
        "type": "github"
      },
      "original": {
        "owner": "kristapsdz",
        "repo": "lowdown",
        "type": "github"
      }
    },
    "mach-nix": {
      "inputs": {
        "flake-utils": "flake-utils",
        "nixpkgs": [
          "nixpkgs"
        ],
        "pypi-deps-db": [
          "pypi-deps-db"
        ]
      },
      "locked": {
        "lastModified": 1641328265,
        "narHash": "sha256-ji+2JD5Goc/vMobOMM0RHfvV+W3bxfFG0mYq8ACTY4k=",
        "owner": "DavHau",
        "repo": "mach-nix",
        "rev": "bdc97ba6b2ecd045a467b008cff4ae337b6a7a6b",
        "type": "github"
      },
      "original": {
        "owner": "DavHau",
        "repo": "mach-nix",
        "type": "github"
      }
    },
    "mach-nix_2": {
      "inputs": {
        "flake-utils": "flake-utils_5",
        "nixpkgs": "nixpkgs_5",
        "pypi-deps-db": "pypi-deps-db_2"
      },
      "locked": {
        "lastModified": 1618982703,
        "narHash": "sha256-9dSHtu9XfK04caPx6kXvmhcnC3t+8bS65yqS6U4nQ/g=",
        "owner": "DavHau",
        "repo": "mach-nix",
        "rev": "9543999c8abb56524347a6236e7b1c5e4aaa2c1d",
        "type": "github"
      },
      "original": {
        "id": "mach-nix",
        "type": "indirect"
      }
    },
    "nix": {
      "inputs": {
        "lowdown-src": "lowdown-src",
        "nixpkgs": "nixpkgs"
      },
      "locked": {
        "lastModified": 1610390819,
        "narHash": "sha256-XE2ajw0BOtmEksRfeY5+CKN8PNlZnsMGL73sxykdQdM=",
        "owner": "NixOS",
        "repo": "nix",
        "rev": "6254b1f5d298ff73127d7b0f0da48f142bdc753c",
        "type": "github"
      },
      "original": {
        "id": "nix",
        "type": "indirect"
      }
    },
    "nix-alien": {
      "inputs": {
        "flake-utils": "flake-utils_2",
        "nixpkgs": [
          "nixpkgs"
        ],
        "poetry2nix": "poetry2nix"
      },
      "locked": {
        "lastModified": 1642257542,
        "narHash": "sha256-znJjO+22bmYIcMvXTNoxkGrPyCEKhjNpwu/R4gLuKYY=",
        "owner": "thiagokokada",
        "repo": "nix-alien",
        "rev": "039e009b74b4310986696e28808342741079c7ee",
        "type": "github"
      },
      "original": {
        "owner": "thiagokokada",
        "repo": "nix-alien",
        "type": "github"
      }
    },
    "nix-doom-emacs": {
      "inputs": {
        "doom-emacs": [
          "doom-emacs"
        ],
        "doom-snippets": "doom-snippets",
        "emacs-overlay": [
          "emacs-overlay"
        ],
        "emacs-so-long": "emacs-so-long",
        "evil-markdown": "evil-markdown",
        "evil-org-mode": "evil-org-mode",
        "evil-quick-diff": "evil-quick-diff",
        "explain-pause-mode": "explain-pause-mode",
        "flake-utils": "flake-utils_4",
        "format-all": "format-all",
        "nix-straight": "nix-straight",
        "nixpkgs": [
          "nixpkgs"
        ],
        "nose": "nose",
        "ob-racket": "ob-racket",
        "org": "org",
        "org-contrib": "org-contrib",
        "org-yt": "org-yt",
        "php-extras": "php-extras",
        "revealjs": "revealjs",
        "rotate-text": "rotate-text"
      },
      "locked": {
        "lastModified": 1642124317,
        "narHash": "sha256-51SQCJSRExl7MuzenYUJgegC1u87Ag9VfS1vkDnfQf0=",
        "owner": "nix-community",
        "repo": "nix-doom-emacs",
        "rev": "9d05798e16691e832f97aacf2bbb884adbe4bfed",
        "type": "github"
      },
      "original": {
        "owner": "nix-community",
        "repo": "nix-doom-emacs",
        "type": "github"
      }
    },
    "nix-ld": {
      "inputs": {
        "nixpkgs": [
          "nixpkgs"
        ],
        "utils": "utils"
      },
      "locked": {
        "lastModified": 1637574694,
        "narHash": "sha256-UHYvqGnsU4h5/Kt3gbiRbaMcN7hJ8u7ey8t4qO8maUI=",
        "owner": "Mic92",
        "repo": "nix-ld",
        "rev": "6faa38511602d9c1c5ae44eaa0fc531e4b657576",
        "type": "github"
      },
      "original": {
        "owner": "Mic92",
        "repo": "nix-ld",
        "type": "github"
      }
    },
    "nix-straight": {
      "flake": false,
      "locked": {
        "lastModified": 1639180741,
        "narHash": "sha256-3AaUE9Z/Sc5QxK8WtkPzU+9UqcOUaF9klaz8sV8DUu4=",
        "owner": "nix-community",
        "repo": "nix-straight.el",
        "rev": "866ef703fa96c970624d6d4ad33110a0708fcfef",
        "type": "github"
      },
      "original": {
        "owner": "nix-community",
        "repo": "nix-straight.el",
        "type": "github"
      }
    },
    "nixpkgs": {
      "locked": {
        "lastModified": 1602702596,
        "narHash": "sha256-fqJ4UgOb4ZUnCDIapDb4gCrtAah5Rnr2/At3IzMitig=",
        "owner": "NixOS",
        "repo": "nixpkgs",
        "rev": "ad0d20345219790533ebe06571f82ed6b034db31",
        "type": "github"
      },
      "original": {
        "id": "nixpkgs",
        "ref": "nixos-20.09-small",
        "type": "indirect"
      }
    },
    "nixpkgs-wayland": {
      "inputs": {
        "cachix": "cachix",
        "nixpkgs": "nixpkgs_4"
      },
      "locked": {
        "lastModified": 1642619337,
        "narHash": "sha256-iIqSdUe24oPNfpjYTWfpX1gElgdtm/6eYj56ohD42NM=",
        "owner": "nix-community",
        "repo": "nixpkgs-wayland",
        "rev": "2312396abf7156a6e5958e3e2f40c46021bca1a0",
        "type": "github"
      },
      "original": {
        "owner": "nix-community",
        "repo": "nixpkgs-wayland",
        "type": "github"
      }
    },
    "nixpkgsPy36": {
      "locked": {
        "lastModified": 1601475821,
        "narHash": "sha256-7AI8j/xq5slauMGwC3Dp2K9TKDyDtBXBebeyWsE9euE=",
        "owner": "NixOS",
        "repo": "nixpkgs",
        "rev": "b4db68ff563895eea6aab4ff24fa04ef403dfe14",
        "type": "github"
      },
      "original": {
        "id": "nixpkgs",
        "rev": "b4db68ff563895eea6aab4ff24fa04ef403dfe14",
        "type": "indirect"
      }
    },
    "nixpkgs_2": {
      "locked": {
        "lastModified": 1642631434,
        "narHash": "sha256-XelPYu9LK/s/Veh83hrbB6ZuneLI2yUhn0aAt7jkc6U=",
        "owner": "NixOS",
        "repo": "nixpkgs",
        "rev": "ddf6a38b15cfd3e18214ba539a8190de210db215",
        "type": "github"
      },
      "original": {
        "owner": "NixOS",
        "repo": "nixpkgs",
        "type": "github"
      }
    },
    "nixpkgs_3": {
      "locked": {
        "lastModified": 1642281915,
        "narHash": "sha256-jcMsXmmO1knyf99o242A+2cy1A0eKa9afly0cwBknPA=",
        "owner": "NixOS",
        "repo": "nixpkgs",
        "rev": "d5dae6569ea9952f1ae4e727946d93a71c507821",
        "type": "github"
      },
      "original": {
        "owner": "NixOS",
        "ref": "nixos-unstable",
        "repo": "nixpkgs",
        "type": "github"
      }
    },
    "nixpkgs_4": {
      "locked": {
        "lastModified": 1642281915,
        "narHash": "sha256-jcMsXmmO1knyf99o242A+2cy1A0eKa9afly0cwBknPA=",
        "owner": "nixos",
        "repo": "nixpkgs",
        "rev": "d5dae6569ea9952f1ae4e727946d93a71c507821",
        "type": "github"
      },
      "original": {
        "owner": "nixos",
        "ref": "nixos-unstable",
        "repo": "nixpkgs",
        "type": "github"
      }
    },
    "nixpkgs_5": {
      "locked": {
        "lastModified": 1615259932,
        "narHash": "sha256-IXecmbqCr+XCtFwzBO3tHEd8PoJ4X4EyPZebKbV2ioE=",
        "owner": "NixOS",
        "repo": "nixpkgs",
        "rev": "29b0d4d0b600f8f5dd0b86e3362a33d4181938f9",
        "type": "github"
      },
      "original": {
        "owner": "NixOS",
        "ref": "nixos-unstable",
        "repo": "nixpkgs",
        "type": "github"
      }
    },
    "nixpkgs_6": {
      "locked": {
        "lastModified": 1618619705,
        "narHash": "sha256-+yBGazqJxjT+BR00oCNamOgiEFPHBOPkqak7MUYcpBA=",
        "owner": "NixOS",
        "repo": "nixpkgs",
        "rev": "e5cc06a1e806070693add4f231060a62b962fc44",
        "type": "github"
      },
      "original": {
        "id": "nixpkgs",
        "ref": "nixos-unstable",
        "type": "indirect"
      }
    },
    "nose": {
      "flake": false,
      "locked": {
        "lastModified": 1400604510,
        "narHash": "sha256-daEi8Kta1oGaDEmUUDDQMahTTPOpvNpDKk22rlr7cB0=",
        "owner": "emacsattic",
        "repo": "nose",
        "rev": "f8528297519eba911696c4e68fa88892de9a7b72",
        "type": "github"
      },
      "original": {
        "owner": "emacsattic",
        "repo": "nose",
        "type": "github"
      }
    },
    "nur": {
      "locked": {
        "lastModified": 1642631560,
        "narHash": "sha256-t3dxz/wwgMU3I+yEhZZnOObSqM82hDiwYG1SKZlOfB8=",
        "owner": "nix-community",
        "repo": "NUR",
        "rev": "d6e3043d3b028e3a389eae8345d7d4ced83f7a62",
        "type": "github"
      },
      "original": {
        "owner": "nix-community",
        "repo": "NUR",
        "type": "github"
      }
    },
    "ob-racket": {
      "flake": false,
      "locked": {
        "lastModified": 1584656173,
        "narHash": "sha256-rBUYDDCXb+3D4xTPQo9UocbTPZ32kWV1Uya/1DmZknU=",
        "owner": "xchrishawk",
        "repo": "ob-racket",
        "rev": "83457ec9e1e96a29fd2086ed19432b9d75787673",
        "type": "github"
      },
      "original": {
        "owner": "xchrishawk",
        "repo": "ob-racket",
        "type": "github"
      }
    },
    "org": {
      "flake": false,
      "locked": {
        "lastModified": 1641997570,
        "narHash": "sha256-MLUTqiG7EAhsDQP2IlqyMiFjB2GWEGrfoovuoHwMFoQ=",
        "owner": "emacs-straight",
        "repo": "org-mode",
        "rev": "1537bb402953f6622e087b140eb1b6dd629b1c78",
        "type": "github"
      },
      "original": {
        "owner": "emacs-straight",
        "repo": "org-mode",
        "type": "github"
      }
    },
    "org-contrib": {
      "flake": false,
      "locked": {
        "lastModified": 1639727892,
        "narHash": "sha256-+T6Y87aSAx7kMpigm8d1ODDQIyPBM6a+4qGolXjCEXs=",
        "ref": "master",
        "rev": "5766ff1088191e4df5fecd55007ba4271e609bcc",
        "revCount": 2611,
        "type": "git",
        "url": "https://git.sr.ht/~bzg/org-contrib"
      },
      "original": {
        "type": "git",
        "url": "https://git.sr.ht/~bzg/org-contrib"
      }
    },
    "org-yt": {
      "flake": false,
      "locked": {
        "lastModified": 1527381913,
        "narHash": "sha256-dzQ6B7ryzatHCTLyEnRSbWO0VUiX/FHYnpHTs74aVUs=",
        "owner": "TobiasZawada",
        "repo": "org-yt",
        "rev": "40cc1ac76d741055cbefa13860d9f070a7ade001",
        "type": "github"
      },
      "original": {
        "owner": "TobiasZawada",
        "repo": "org-yt",
        "type": "github"
      }
    },
    "php-extras": {
      "flake": false,
      "locked": {
        "lastModified": 1573312690,
        "narHash": "sha256-r4WyVbzvT0ra4Z6JywNBOw5RxOEYd6Qe2IpebHXkj1U=",
        "owner": "arnested",
        "repo": "php-extras",
        "rev": "d410c5af663c30c01d461ac476d1cbfbacb49367",
        "type": "github"
      },
      "original": {
        "owner": "arnested",
        "repo": "php-extras",
        "type": "github"
      }
    },
    "poetry2nix": {
      "inputs": {
        "flake-utils": "flake-utils_3",
        "nixpkgs": "nixpkgs_2"
      },
      "locked": {
        "lastModified": 1642215333,
        "narHash": "sha256-hOs6lr62ITT8gAnpj5C248K0PW4IrCuXzgoan+VUgiM=",
        "owner": "nix-community",
        "repo": "poetry2nix",
        "rev": "7b5c8e3b838d534e0d4dcaa6bbe6530086ebf407",
        "type": "github"
      },
      "original": {
        "owner": "nix-community",
        "repo": "poetry2nix",
        "type": "github"
      }
    },
    "pypi-deps-db": {
      "inputs": {
        "mach-nix": "mach-nix_2",
        "nixpkgs": "nixpkgs_6",
        "nixpkgsPy36": "nixpkgsPy36",
        "pypiIndex": "pypiIndex"
      },
      "locked": {
        "lastModified": 1643015570,
        "narHash": "sha256-+hhDwplQ1jR4jUDBniraeuuSwmzwj/eeG4GnVoT2dFM=",
        "owner": "DavHau",
        "repo": "pypi-deps-db",
        "rev": "bf43f131cf7b1de28490ac5be7eb783db49fc82a",
        "type": "github"
      },
      "original": {
        "owner": "DavHau",
        "repo": "pypi-deps-db",
        "type": "github"
      }
    },
    "pypi-deps-db_2": {
      "flake": false,
      "locked": {
        "lastModified": 1615363940,
        "narHash": "sha256-GJ3ONLWAr5ejqR5bKVfKpI/n+ClaxjyYewMP+QJyq5M=",
        "owner": "DavHau",
        "repo": "pypi-deps-db",
        "rev": "ab522f2d3255789f1ef97fa7c83d4342be156e67",
        "type": "github"
      },
      "original": {
        "owner": "DavHau",
        "repo": "pypi-deps-db",
        "type": "github"
      }
    },
    "pypiIndex": {
      "flake": false,
      "locked": {
        "lastModified": 1643000384,
        "narHash": "sha256-BnCSXyoRsuVxZ2ZLyanumHtPlyCPWzylkjk3kaxeBJY=",
        "owner": "davhau",
        "repo": "nix-pypi-fetcher",
        "rev": "9b4aa9e264f76a9a2c388b8215782ca05658560c",
        "type": "github"
      },
      "original": {
        "owner": "davhau",
        "repo": "nix-pypi-fetcher",
        "type": "github"
      }
    },
    "revealjs": {
      "flake": false,
      "locked": {
        "lastModified": 1641903864,
        "narHash": "sha256-hErGwa8L3gtW4BskFtCsLK+wDuS/Bv5tOFDj57yc4Hw=",
        "owner": "hakimel",
        "repo": "reveal.js",
        "rev": "f7c59649fe9d72a148860220a66511cefd142907",
        "type": "github"
      },
      "original": {
        "owner": "hakimel",
        "repo": "reveal.js",
        "type": "github"
      }
    },
    "root": {
      "inputs": {
        "doom-emacs": "doom-emacs",
        "dwarffs": "dwarffs",
        "emacs-overlay": "emacs-overlay",
        "flake-compat": "flake-compat",
        "home-manager": "home-manager",
        "mach-nix": "mach-nix",
        "nix-alien": "nix-alien",
        "nix-doom-emacs": "nix-doom-emacs",
        "nix-ld": "nix-ld",
        "nixpkgs": "nixpkgs_3",
        "nixpkgs-wayland": "nixpkgs-wayland",
        "nur": "nur",
        "pypi-deps-db": "pypi-deps-db",
        "utils": "utils_2"
      }
    },
    "rotate-text": {
      "flake": false,
      "locked": {
        "lastModified": 1322962747,
        "narHash": "sha256-SOeOgSlcEIsKhUiYDJv0p+mLUb420s9E2BmvZQvZ0wk=",
        "owner": "debug-ito",
        "repo": "rotate-text.el",
        "rev": "48f193697db996855aee1ad2bc99b38c6646fe76",
        "type": "github"
      },
      "original": {
        "owner": "debug-ito",
        "repo": "rotate-text.el",
        "type": "github"
      }
    },
    "utils": {
      "locked": {
        "lastModified": 1610051610,
        "narHash": "sha256-U9rPz/usA1/Aohhk7Cmc2gBrEEKRzcW4nwPWMPwja4Y=",
        "owner": "numtide",
        "repo": "flake-utils",
        "rev": "3982c9903e93927c2164caa727cd3f6a0e6d14cc",
        "type": "github"
      },
      "original": {
        "owner": "numtide",
        "repo": "flake-utils",
        "type": "github"
      }
    },
    "utils_2": {
      "inputs": {
        "flake-utils": "flake-utils_6"
      },
      "locked": {
        "lastModified": 1639385028,
        "narHash": "sha256-oqorKz3mwf7UuDJwlbCEYCB2LfcWLL0DkeCWhRIL820=",
        "owner": "gytis-ivaskevicius",
        "repo": "flake-utils-plus",
        "rev": "be1be083af014720c14f3b574f57b6173b4915d0",
        "type": "github"
      },
      "original": {
        "owner": "gytis-ivaskevicius",
        "repo": "flake-utils-plus",
        "type": "github"
      }
    }
  },
  "root": "root",
  "version": 7
}
