{
  "nodes": {
    "doom-emacs": {
      "flake": false,
      "locked": {
        "lastModified": 1638546486,
        "narHash": "sha256-R1Vw2kntEPxIdOT9xmWVcTxSt2h0S8vnpPr/x2e2zuE=",
        "owner": "hlissner",
        "repo": "doom-emacs",
        "rev": "f458f9776049fd7e9523318582feed682e7d575c",
        "type": "github"
      },
      "original": {
        "owner": "hlissner",
        "ref": "develop",
        "repo": "doom-emacs",
        "type": "github"
      }
    },
    "doom-snippets": {
      "flake": false,
      "locked": {
        "lastModified": 1625547004,
        "narHash": "sha256-V+ytAjB4ZZ+5dJJAu1OY7SbnqrokX5PVBWs0AsgQ8Vs=",
        "owner": "hlissner",
        "repo": "doom-snippets",
        "rev": "5c0eb5bd70f035cefb981c2ce64f4367498bdda6",
        "type": "github"
      },
      "original": {
        "owner": "hlissner",
        "repo": "doom-snippets",
        "type": "github"
      }
    },
    "dwarffs": {
      "inputs": {
        "nix": "nix",
        "nixpkgs": [
          "dwarffs",
          "nix",
          "nixpkgs"
        ]
      },
      "locked": {
        "lastModified": 1611240086,
        "narHash": "sha256-z8NmKUm7rfcAIkwtO4JZZo2KKDNQmHyExgNFRRzi1kM=",
        "owner": "edolstra",
        "repo": "dwarffs",
        "rev": "f691e2c991e75edb22836f1dbe632c40324215c5",
        "type": "github"
      },
      "original": {
        "owner": "edolstra",
        "repo": "dwarffs",
        "type": "github"
      }
    },
    "emacs-overlay": {
      "locked": {
        "lastModified": 1639304289,
        "narHash": "sha256-e2WnTzEuBAaGeef1W2ntSGnhAvnuBquqMUdhzm7mrd4=",
        "owner": "nix-community",
        "repo": "emacs-overlay",
        "rev": "4f07363005e996d9e2c90cb927fc870c1cc5a939",
        "type": "github"
      },
      "original": {
        "owner": "nix-community",
        "repo": "emacs-overlay",
        "type": "github"
      }
    },
    "emacs-so-long": {
      "flake": false,
      "locked": {
        "lastModified": 1575031854,
        "narHash": "sha256-xIa5zO0ZaToDrec1OFjBK6l39AbA4l/CE4LInVu2hi0=",
        "owner": "hlissner",
        "repo": "emacs-so-long",
        "rev": "ed666b0716f60e8988c455804de24b55919e71ca",
        "type": "github"
      },
      "original": {
        "owner": "hlissner",
        "repo": "emacs-so-long",
        "type": "github"
      }
    },
    "evil-markdown": {
      "flake": false,
      "locked": {
        "lastModified": 1626852210,
        "narHash": "sha256-HBBuZ1VWIn6kwK5CtGIvHM1+9eiNiKPH0GUsyvpUVN8=",
        "owner": "Somelauw",
        "repo": "evil-markdown",
        "rev": "8e6cc68af83914b2fa9fd3a3b8472573dbcef477",
        "type": "github"
      },
      "original": {
        "owner": "Somelauw",
        "repo": "evil-markdown",
        "type": "github"
      }
    },
    "evil-org-mode": {
      "flake": false,
      "locked": {
        "lastModified": 1607203864,
        "narHash": "sha256-JxwqVYDN6OIJEH15MVI6XOZAPtUWUhJQWHyzcrUvrFg=",
        "owner": "hlissner",
        "repo": "evil-org-mode",
        "rev": "a9706da260c45b98601bcd72b1d2c0a24a017700",
        "type": "github"
      },
      "original": {
        "owner": "hlissner",
        "repo": "evil-org-mode",
        "type": "github"
      }
    },
    "evil-quick-diff": {
      "flake": false,
      "locked": {
        "lastModified": 1575189609,
        "narHash": "sha256-oGzl1ayW9rIuq0haoiFS7RZsS8NFMdEA7K1BSozgnJU=",
        "owner": "rgrinberg",
        "repo": "evil-quick-diff",
        "rev": "69c883720b30a892c63bc89f49d4f0e8b8028908",
        "type": "github"
      },
      "original": {
        "owner": "rgrinberg",
        "repo": "evil-quick-diff",
        "type": "github"
      }
    },
    "explain-pause-mode": {
      "flake": false,
      "locked": {
        "lastModified": 1595842060,
        "narHash": "sha256-++znrjiDSx+cy4okFBBXUBkRFdtnE2x+trkmqjB3Njs=",
        "owner": "lastquestion",
        "repo": "explain-pause-mode",
        "rev": "2356c8c3639cbeeb9751744dbe737267849b4b51",
        "type": "github"
      },
      "original": {
        "owner": "lastquestion",
        "repo": "explain-pause-mode",
        "type": "github"
      }
    },
    "flake-compat": {
      "flake": false,
      "locked": {
        "lastModified": 1627913399,
        "narHash": "sha256-hY8g6H2KFL8ownSiFeMOjwPC8P0ueXpCVEbxgda3pko=",
        "owner": "edolstra",
        "repo": "flake-compat",
        "rev": "12c64ca55c1014cdc1b16ed5a804aa8576601ff2",
        "type": "github"
      },
      "original": {
        "owner": "edolstra",
        "repo": "flake-compat",
        "type": "github"
      }
    },
    "flake-utils": {
      "locked": {
        "lastModified": 1629481132,
        "narHash": "sha256-JHgasjPR0/J1J3DRm4KxM4zTyAj4IOJY8vIl75v/kPI=",
        "owner": "numtide",
        "repo": "flake-utils",
        "rev": "997f7efcb746a9c140ce1f13c72263189225f482",
        "type": "github"
      },
      "original": {
        "owner": "numtide",
        "repo": "flake-utils",
        "type": "github"
      }
    },
    "flake-utils_2": {
      "locked": {
        "lastModified": 1638122382,
        "narHash": "sha256-sQzZzAbvKEqN9s0bzWuYmRaA03v40gaJ4+iL1LXjaeI=",
        "owner": "numtide",
        "repo": "flake-utils",
        "rev": "74f7e4319258e287b0f9cb95426c9853b282730b",
        "type": "github"
      },
      "original": {
        "owner": "numtide",
        "repo": "flake-utils",
        "type": "github"
      }
    },
    "home-manager": {
      "inputs": {
        "nixpkgs": [
          "nixpkgs"
        ]
      },
      "locked": {
        "lastModified": 1639329010,
        "narHash": "sha256-k9OXwR06419/s0FAnRalUs24+8EI6GepGaatAXhBc+0=",
        "owner": "nix-community",
        "repo": "home-manager",
        "rev": "3d46c011d2cc2c9ca24d9b803e9daf156d9429ea",
        "type": "github"
      },
      "original": {
        "owner": "nix-community",
        "repo": "home-manager",
        "type": "github"
      }
    },
    "lowdown-src": {
      "flake": false,
      "locked": {
        "lastModified": 1598695561,
        "narHash": "sha256-gyH/5j+h/nWw0W8AcR2WKvNBUsiQ7QuxqSJNXAwV+8E=",
        "owner": "kristapsdz",
        "repo": "lowdown",
        "rev": "1705b4a26fbf065d9574dce47a94e8c7c79e052f",
        "type": "github"
      },
      "original": {
        "owner": "kristapsdz",
        "repo": "lowdown",
        "type": "github"
      }
    },
    "nix": {
      "inputs": {
        "lowdown-src": "lowdown-src",
        "nixpkgs": "nixpkgs"
      },
      "locked": {
        "lastModified": 1610390819,
        "narHash": "sha256-XE2ajw0BOtmEksRfeY5+CKN8PNlZnsMGL73sxykdQdM=",
        "owner": "NixOS",
        "repo": "nix",
        "rev": "6254b1f5d298ff73127d7b0f0da48f142bdc753c",
        "type": "github"
      },
      "original": {
        "id": "nix",
        "type": "indirect"
      }
    },
    "nix-doom-emacs": {
      "inputs": {
        "doom-emacs": [
          "doom-emacs"
        ],
        "doom-snippets": "doom-snippets",
        "emacs-overlay": [
          "emacs-overlay"
        ],
        "emacs-so-long": "emacs-so-long",
        "evil-markdown": "evil-markdown",
        "evil-org-mode": "evil-org-mode",
        "evil-quick-diff": "evil-quick-diff",
        "explain-pause-mode": "explain-pause-mode",
        "flake-utils": "flake-utils",
        "nix-straight": "nix-straight",
        "nixpkgs": [
          "nixpkgs"
        ],
        "nose": "nose",
        "ob-racket": "ob-racket",
        "org": "org",
        "org-contrib": "org-contrib",
        "org-yt": "org-yt",
        "php-extras": "php-extras",
        "revealjs": "revealjs",
        "rotate-text": "rotate-text",
        "straight": "straight"
      },
      "locked": {
        "lastModified": 1637704604,
        "narHash": "sha256-+0J0tR952J+GOVywTsqlxPmSEhqFWAusu1FT4ZGjMkk=",
        "ref": "develop",
        "rev": "37776968cdbe666934d34895f8e72e671906c30b",
        "revCount": 389,
        "type": "git",
        "url": "file:///workspace/nix-doom-emacs"
      },
      "original": {
        "type": "git",
        "url": "file:///workspace/nix-doom-emacs"
      }
    },
    "nix-straight": {
      "flake": false,
      "locked": {
        "lastModified": 1628630968,
        "narHash": "sha256-eh5QpnX3F8/0iKv1BvyU3KyZ/ksLlRegcd5c41pm/L8=",
        "owner": "vlaci",
        "repo": "nix-straight.el",
        "rev": "e3f8aaff9ba889c6f2ee6c6d349736d21f21c685",
        "type": "github"
      },
      "original": {
        "owner": "vlaci",
        "repo": "nix-straight.el",
        "type": "github"
      }
    },
    "nixpkgs": {
      "locked": {
        "lastModified": 1602702596,
        "narHash": "sha256-fqJ4UgOb4ZUnCDIapDb4gCrtAah5Rnr2/At3IzMitig=",
        "owner": "NixOS",
        "repo": "nixpkgs",
        "rev": "ad0d20345219790533ebe06571f82ed6b034db31",
        "type": "github"
      },
      "original": {
        "id": "nixpkgs",
        "ref": "nixos-20.09-small",
        "type": "indirect"
      }
    },
    "nixpkgs_2": {
      "locked": {
        "lastModified": 1639256808,
        "narHash": "sha256-RRKWi6grwe5lioKUyfZNQ4ojc5kjUTX55fPNzsGH2PY=",
        "owner": "NixOS",
        "repo": "nixpkgs",
        "rev": "e675946ecde5606c505540de2024e2732bae4185",
        "type": "github"
      },
      "original": {
        "owner": "NixOS",
        "ref": "nixos-unstable",
        "repo": "nixpkgs",
        "type": "github"
      }
    },
    "nose": {
      "flake": false,
      "locked": {
        "lastModified": 1400604510,
        "narHash": "sha256-daEi8Kta1oGaDEmUUDDQMahTTPOpvNpDKk22rlr7cB0=",
        "owner": "emacsattic",
        "repo": "nose",
        "rev": "f8528297519eba911696c4e68fa88892de9a7b72",
        "type": "github"
      },
      "original": {
        "owner": "emacsattic",
        "repo": "nose",
        "type": "github"
      }
    },
    "nur": {
      "locked": {
        "lastModified": 1639332730,
        "narHash": "sha256-mzTGTfYkA3Pnzub3XOJJGEEcU2xMDJ443Cq6bUvWB1A=",
        "owner": "nix-community",
        "repo": "NUR",
        "rev": "1822d09bf5890f8911ff6390abdce74353fadfad",
        "type": "github"
      },
      "original": {
        "owner": "nix-community",
        "repo": "NUR",
        "type": "github"
      }
    },
    "ob-racket": {
      "flake": false,
      "locked": {
        "lastModified": 1584656173,
        "narHash": "sha256-rBUYDDCXb+3D4xTPQo9UocbTPZ32kWV1Uya/1DmZknU=",
        "owner": "xchrishawk",
        "repo": "ob-racket",
        "rev": "83457ec9e1e96a29fd2086ed19432b9d75787673",
        "type": "github"
      },
      "original": {
        "owner": "xchrishawk",
        "repo": "ob-racket",
        "type": "github"
      }
    },
    "org": {
      "flake": false,
      "locked": {
        "lastModified": 1629714870,
        "narHash": "sha256-D6gUJtzZMpyJBNNn5EKWDCbDDgIXzxMx54fpcQ3DM2o=",
        "owner": "emacs-straight",
        "repo": "org-mode",
        "rev": "a3ba79cd3a120235dae524f49945fbe99df923cf",
        "type": "github"
      },
      "original": {
        "owner": "emacs-straight",
        "repo": "org-mode",
        "type": "github"
      }
    },
    "org-contrib": {
      "flake": false,
      "locked": {
        "lastModified": 1623339452,
        "narHash": "sha256-E3pioqkmAKQm5N7YsgJZil0/ozkdRE7//tE9FGbrluM=",
        "ref": "master",
        "rev": "fc81309cf6756607a836f93049a9393c2967c4e0",
        "revCount": 2599,
        "type": "git",
        "url": "https://git.sr.ht/~bzg/org-contrib"
      },
      "original": {
        "type": "git",
        "url": "https://git.sr.ht/~bzg/org-contrib"
      }
    },
    "org-yt": {
      "flake": false,
      "locked": {
        "lastModified": 1527381913,
        "narHash": "sha256-dzQ6B7ryzatHCTLyEnRSbWO0VUiX/FHYnpHTs74aVUs=",
        "owner": "TobiasZawada",
        "repo": "org-yt",
        "rev": "40cc1ac76d741055cbefa13860d9f070a7ade001",
        "type": "github"
      },
      "original": {
        "owner": "TobiasZawada",
        "repo": "org-yt",
        "type": "github"
      }
    },
    "php-extras": {
      "flake": false,
      "locked": {
        "lastModified": 1573312690,
        "narHash": "sha256-r4WyVbzvT0ra4Z6JywNBOw5RxOEYd6Qe2IpebHXkj1U=",
        "owner": "arnested",
        "repo": "php-extras",
        "rev": "d410c5af663c30c01d461ac476d1cbfbacb49367",
        "type": "github"
      },
      "original": {
        "owner": "arnested",
        "repo": "php-extras",
        "type": "github"
      }
    },
    "revealjs": {
      "flake": false,
      "locked": {
        "lastModified": 1630050533,
        "narHash": "sha256-gi+vC71xsKXN06QzwohNhFt07+7g6OqjsThXHwrZ5Q0=",
        "owner": "hakimel",
        "repo": "reveal.js",
        "rev": "01d8d669bc2b681b595262ccbe27293eec2fcb44",
        "type": "github"
      },
      "original": {
        "owner": "hakimel",
        "repo": "reveal.js",
        "type": "github"
      }
    },
    "root": {
      "inputs": {
        "doom-emacs": "doom-emacs",
        "dwarffs": "dwarffs",
        "emacs-overlay": "emacs-overlay",
        "flake-compat": "flake-compat",
        "home-manager": "home-manager",
        "nix-doom-emacs": "nix-doom-emacs",
        "nixpkgs": "nixpkgs_2",
        "nur": "nur",
        "utils": "utils"
      }
    },
    "rotate-text": {
      "flake": false,
      "locked": {
        "lastModified": 1322962747,
        "narHash": "sha256-SOeOgSlcEIsKhUiYDJv0p+mLUb420s9E2BmvZQvZ0wk=",
        "owner": "debug-ito",
        "repo": "rotate-text.el",
        "rev": "48f193697db996855aee1ad2bc99b38c6646fe76",
        "type": "github"
      },
      "original": {
        "owner": "debug-ito",
        "repo": "rotate-text.el",
        "type": "github"
      }
    },
    "straight": {
      "flake": false,
      "locked": {
        "lastModified": 1623633709,
        "narHash": "sha256-taLIYnjs9sD8N8PuGO2F7l+O69u0dNPunwzFVTlXjUM=",
        "owner": "raxod502",
        "repo": "straight.el",
        "rev": "1e27b0590df77a5d478970ca58fd6606971692f5",
        "type": "github"
      },
      "original": {
        "owner": "raxod502",
        "repo": "straight.el",
        "type": "github"
      }
    },
    "utils": {
      "inputs": {
        "flake-utils": "flake-utils_2"
      },
      "locked": {
        "lastModified": 1638172912,
        "narHash": "sha256-jxhQGNEsZTdop/Br3JPS+xmBf6t9cIWRzVZFxbT76Rw=",
        "owner": "gytis-ivaskevicius",
        "repo": "flake-utils-plus",
        "rev": "166d6ebd9f0de03afc98060ac92cba9c71cfe550",
        "type": "github"
      },
      "original": {
        "owner": "gytis-ivaskevicius",
        "repo": "flake-utils-plus",
        "type": "github"
      }
    }
  },
  "root": "root",
  "version": 7
}
