{
  "nodes": {
    "home-manager": {
      "inputs": {
        "nixpkgs": "nixpkgs"
      },
      "locked": {
        "lastModified": 1606046962,
        "narHash": "sha256-244JrrVFht/VMRItDcDlrcwejqpqJInDUWA/x6mucW4=",
        "owner": "rycee",
        "repo": "home-manager",
        "rev": "a3a0f1289acac24ce2ffe0481bf8cabd3a6ccc64",
        "type": "github"
      },
      "original": {
        "owner": "rycee",
        "repo": "home-manager",
        "type": "github"
      }
    },
    "nixpkgs": {
      "locked": {
        "lastModified": 1606655114,
        "narHash": "sha256-sCOycaZWoucJ15RTE31YkNnxAOUWgVO/i/0a9DkACxE=",
        "owner": "NixOS",
        "repo": "nixpkgs",
        "rev": "8ee7c2505f9e7019aa69c8a6313e5f2d32a69f27",
        "type": "github"
      },
      "original": {
        "id": "nixpkgs",
        "type": "indirect"
      }
    },
    "nixpkgs_2": {
      "locked": {
        "lastModified": 1606251485,
        "narHash": "sha256-1WvP97lDV/EvCsF0pnE9UnlAcc5l2m7bxLH6srYmDS8=",
        "owner": "NixOS",
        "repo": "nixpkgs",
        "rev": "6f0c00907bbd81b47052eef59f7b284926a77289",
        "type": "github"
      },
      "original": {
        "owner": "NixOS",
        "ref": "nixos-unstable",
        "repo": "nixpkgs",
        "type": "github"
      }
    },
    "root": {
      "inputs": {
        "home-manager": "home-manager",
        "nixpkgs": "nixpkgs_2"
      }
    }
  },
  "root": "root",
  "version": 7
}
